
Microsoft Visual Studio Solution File, Format Version 12.00
# Visual Studio 2012
Project("{FAE04EC0-301F-11D3-BF4B-00C04F79EFBC}") = "DrawingSpace", "DrawingSpace\DrawingSpace.csproj", "{E5DFEE69-7BCF-4EAA-A990-C1D63778AE88}"
EndProject
Global
	GlobalSection(SolutionConfigurationPlatforms) = preSolution
		Debug|Any CPU = Debug|Any CPU
		Release|Any CPU = Release|Any CPU
	EndGlobalSection
	GlobalSection(ProjectConfigurationPlatforms) = postSolution
		{E5DFEE69-7BCF-4EAA-A990-C1D63778AE88}.Debug|Any CPU.ActiveCfg = Debug|Any CPU
		{E5DFEE69-7BCF-4EAA-A990-C1D63778AE88}.Debug|Any CPU.Build.0 = Debug|Any CPU
		{E5DFEE69-7BCF-4EAA-A990-C1D63778AE88}.Release|Any CPU.ActiveCfg = Release|Any CPU
		{E5DFEE69-7BCF-4EAA-A990-C1D63778AE88}.Release|Any CPU.Build.0 = Release|Any CPU
	EndGlobalSection
	GlobalSection(SolutionProperties) = preSolution
		HideSolutionNode = FALSE
	EndGlobalSection
EndGlobal
